// !$*UTF8*$!
{
	archiveVersion = 1;
	classes = {
	};
	objectVersion = 46;
	objects = {

/* Begin PBXBuildFile section */
		2966377540F2A6FAFAD5AD43 /* Pods_Lumicast.framework in Frameworks */ = {isa = PBXBuildFile; fileRef = 79ECB4FC83F588298262B88D /* Pods_Lumicast.framework */; };
		6E087C501F7B12C90092B040 /* AppDelegate.swift in Sources */ = {isa = PBXBuildFile; fileRef = 6E087C4F1F7B12C90092B040 /* AppDelegate.swift */; };
		6E087C521F7B12C90092B040 /* ViewController.swift in Sources */ = {isa = PBXBuildFile; fileRef = 6E087C511F7B12C90092B040 /* ViewController.swift */; };
		6E087C551F7B12C90092B040 /* Main.storyboard in Resources */ = {isa = PBXBuildFile; fileRef = 6E087C531F7B12C90092B040 /* Main.storyboard */; };
		6E087C581F7B12C90092B040 /* Lumicast.xcdatamodeld in Sources */ = {isa = PBXBuildFile; fileRef = 6E087C561F7B12C90092B040 /* Lumicast.xcdatamodeld */; };
		6E087C5A1F7B12C90092B040 /* Assets.xcassets in Resources */ = {isa = PBXBuildFile; fileRef = 6E087C591F7B12C90092B040 /* Assets.xcassets */; };
		6E087C5D1F7B12C90092B040 /* LaunchScreen.storyboard in Resources */ = {isa = PBXBuildFile; fileRef = 6E087C5B1F7B12C90092B040 /* LaunchScreen.storyboard */; };
		6E0FF1F51F8D50FA003E5EA8 /* LumicastSdk.framework in Frameworks */ = {isa = PBXBuildFile; fileRef = 6E0FF1F41F8D50FA003E5EA8 /* LumicastSdk.framework */; };
		6E2EE4EB1F8D992800BEF8DC /* Post.swift in Sources */ = {isa = PBXBuildFile; fileRef = 6E2EE4EA1F8D992800BEF8DC /* Post.swift */; };
		6E4ADFD31F7B134D00C5975A /* GoogleService-Info.plist in Resources */ = {isa = PBXBuildFile; fileRef = 6E4ADFD21F7B134D00C5975A /* GoogleService-Info.plist */; };
		6E4FB9D91FCC9BE500EEB5F4 /* logo_screen2.png in Resources */ = {isa = PBXBuildFile; fileRef = 6E4FB9D81FCC9BE500EEB5F4 /* logo_screen2.png */; };
		6E4FB9DB1FCC9F2B00EEB5F4 /* plane-transparent.png in Resources */ = {isa = PBXBuildFile; fileRef = 6E4FB9DA1FCC9F2B00EEB5F4 /* plane-transparent.png */; };
		6E4FB9DD1FCC9F3200EEB5F4 /* post.png in Resources */ = {isa = PBXBuildFile; fileRef = 6E4FB9DC1FCC9F3200EEB5F4 /* post.png */; };
		6E4FB9DF1FCCAFC600EEB5F4 /* background.png in Resources */ = {isa = PBXBuildFile; fileRef = 6E4FB9DE1FCCAFC600EEB5F4 /* background.png */; };
		6E53279E1F84136400380CCD /* DetailsViewController.swift in Sources */ = {isa = PBXBuildFile; fileRef = 6E53279D1F84136400380CCD /* DetailsViewController.swift */; };
		6EAAC4781F7B18E100674320 /* HomeViewController.swift in Sources */ = {isa = PBXBuildFile; fileRef = 6EAAC4771F7B18E100674320 /* HomeViewController.swift */; };
		6EAAC47A1F7B198900674320 /* EditorViewController.swift in Sources */ = {isa = PBXBuildFile; fileRef = 6EAAC4791F7B198900674320 /* EditorViewController.swift */; };
		6EAAC47C1F7B1A5900674320 /* ListViewController.swift in Sources */ = {isa = PBXBuildFile; fileRef = 6EAAC47B1F7B1A5900674320 /* ListViewController.swift */; };
		6ED2B86A1FC3B24D007372CC /* lights.json in Resources */ = {isa = PBXBuildFile; fileRef = 6ED2B8691FC3B24D007372CC /* lights.json */; };
/* End PBXBuildFile section */

/* Begin PBXFileReference section */
		44493F6AB0ECD1BA02B169B0 /* Pods-Lumicast.debug.xcconfig */ = {isa = PBXFileReference; includeInIndex = 1; lastKnownFileType = text.xcconfig; name = "Pods-Lumicast.debug.xcconfig"; path = "Pods/Target Support Files/Pods-Lumicast/Pods-Lumicast.debug.xcconfig"; sourceTree = "<group>"; };
		58C150101F8C06CA00A95278 /* Lumicast-Bridging-Header.h */ = {isa = PBXFileReference; lastKnownFileType = sourcecode.c.h; path = "Lumicast-Bridging-Header.h"; sourceTree = "<group>"; };
		6E087C4C1F7B12C80092B040 /* Lumicast.app */ = {isa = PBXFileReference; explicitFileType = wrapper.application; includeInIndex = 0; path = Lumicast.app; sourceTree = BUILT_PRODUCTS_DIR; };
		6E087C4F1F7B12C90092B040 /* AppDelegate.swift */ = {isa = PBXFileReference; lastKnownFileType = sourcecode.swift; path = AppDelegate.swift; sourceTree = "<group>"; };
		6E087C511F7B12C90092B040 /* ViewController.swift */ = {isa = PBXFileReference; lastKnownFileType = sourcecode.swift; path = ViewController.swift; sourceTree = "<group>"; };
		6E087C541F7B12C90092B040 /* Base */ = {isa = PBXFileReference; lastKnownFileType = file.storyboard; name = Base; path = Base.lproj/Main.storyboard; sourceTree = "<group>"; };
		6E087C571F7B12C90092B040 /* Lumicast.xcdatamodel */ = {isa = PBXFileReference; lastKnownFileType = wrapper.xcdatamodel; path = Lumicast.xcdatamodel; sourceTree = "<group>"; };
		6E087C591F7B12C90092B040 /* Assets.xcassets */ = {isa = PBXFileReference; lastKnownFileType = folder.assetcatalog; path = Assets.xcassets; sourceTree = "<group>"; };
		6E087C5C1F7B12C90092B040 /* Base */ = {isa = PBXFileReference; lastKnownFileType = file.storyboard; name = Base; path = Base.lproj/LaunchScreen.storyboard; sourceTree = "<group>"; };
		6E087C5E1F7B12C90092B040 /* Info.plist */ = {isa = PBXFileReference; lastKnownFileType = text.plist.xml; path = Info.plist; sourceTree = "<group>"; };
		6E0FF1F41F8D50FA003E5EA8 /* LumicastSdk.framework */ = {isa = PBXFileReference; lastKnownFileType = wrapper.framework; path = LumicastSdk.framework; sourceTree = "<group>"; };
		6E2EE4EA1F8D992800BEF8DC /* Post.swift */ = {isa = PBXFileReference; fileEncoding = 4; lastKnownFileType = sourcecode.swift; path = Post.swift; sourceTree = "<group>"; };
		6E4ADFD21F7B134D00C5975A /* GoogleService-Info.plist */ = {isa = PBXFileReference; fileEncoding = 4; lastKnownFileType = text.plist.xml; path = "GoogleService-Info.plist"; sourceTree = "<group>"; };
		6E4FB9D81FCC9BE500EEB5F4 /* logo_screen2.png */ = {isa = PBXFileReference; lastKnownFileType = image.png; path = logo_screen2.png; sourceTree = "<group>"; };
		6E4FB9DA1FCC9F2B00EEB5F4 /* plane-transparent.png */ = {isa = PBXFileReference; lastKnownFileType = image.png; path = "plane-transparent.png"; sourceTree = "<group>"; };
		6E4FB9DC1FCC9F3200EEB5F4 /* post.png */ = {isa = PBXFileReference; lastKnownFileType = image.png; path = post.png; sourceTree = "<group>"; };
		6E4FB9DE1FCCAFC600EEB5F4 /* background.png */ = {isa = PBXFileReference; lastKnownFileType = image.png; path = background.png; sourceTree = "<group>"; };
		6E53279D1F84136400380CCD /* DetailsViewController.swift */ = {isa = PBXFileReference; fileEncoding = 4; lastKnownFileType = sourcecode.swift; path = DetailsViewController.swift; sourceTree = "<group>"; };
		6EAAC4771F7B18E100674320 /* HomeViewController.swift */ = {isa = PBXFileReference; fileEncoding = 4; lastKnownFileType = sourcecode.swift; path = HomeViewController.swift; sourceTree = "<group>"; };
		6EAAC4791F7B198900674320 /* EditorViewController.swift */ = {isa = PBXFileReference; fileEncoding = 4; lastKnownFileType = sourcecode.swift; path = EditorViewController.swift; sourceTree = "<group>"; };
		6EAAC47B1F7B1A5900674320 /* ListViewController.swift */ = {isa = PBXFileReference; fileEncoding = 4; lastKnownFileType = sourcecode.swift; path = ListViewController.swift; sourceTree = "<group>"; };
		6ED2B8691FC3B24D007372CC /* lights.json */ = {isa = PBXFileReference; fileEncoding = 4; lastKnownFileType = text.json; path = lights.json; sourceTree = "<group>"; };
		79ECB4FC83F588298262B88D /* Pods_Lumicast.framework */ = {isa = PBXFileReference; explicitFileType = wrapper.framework; includeInIndex = 0; path = Pods_Lumicast.framework; sourceTree = BUILT_PRODUCTS_DIR; };
		EB28721DFB4D59A17AB443D6 /* Pods-Lumicast.release.xcconfig */ = {isa = PBXFileReference; includeInIndex = 1; lastKnownFileType = text.xcconfig; name = "Pods-Lumicast.release.xcconfig"; path = "Pods/Target Support Files/Pods-Lumicast/Pods-Lumicast.release.xcconfig"; sourceTree = "<group>"; };
/* End PBXFileReference section */

/* Begin PBXFrameworksBuildPhase section */
		6E087C491F7B12C80092B040 /* Frameworks */ = {
			isa = PBXFrameworksBuildPhase;
			buildActionMask = 2147483647;
			files = (
				2966377540F2A6FAFAD5AD43 /* Pods_Lumicast.framework in Frameworks */,
				6E0FF1F51F8D50FA003E5EA8 /* LumicastSdk.framework in Frameworks */,
			);
			runOnlyForDeploymentPostprocessing = 0;
		};
/* End PBXFrameworksBuildPhase section */

/* Begin PBXGroup section */
		6E087C431F7B12C80092B040 = {
			isa = PBXGroup;
			children = (
				58C150101F8C06CA00A95278 /* Lumicast-Bridging-Header.h */,
				6E087C4E1F7B12C80092B040 /* Lumicast */,
				6E087C4D1F7B12C80092B040 /* Products */,
				9B2FD986587C2797515AFD6D /* Pods */,
				EF2116C0FA400CC0D040C677 /* Frameworks */,
			);
			sourceTree = "<group>";
		};
		6E087C4D1F7B12C80092B040 /* Products */ = {
			isa = PBXGroup;
			children = (
				6E087C4C1F7B12C80092B040 /* Lumicast.app */,
			);
			name = Products;
			sourceTree = "<group>";
		};
		6E087C4E1F7B12C80092B040 /* Lumicast */ = {
			isa = PBXGroup;
			children = (
				6E087C4F1F7B12C90092B040 /* AppDelegate.swift */,
				6E087C511F7B12C90092B040 /* ViewController.swift */,
				6E087C531F7B12C90092B040 /* Main.storyboard */,
				6E53279D1F84136400380CCD /* DetailsViewController.swift */,
				6EAAC47B1F7B1A5900674320 /* ListViewController.swift */,
				6EAAC4791F7B198900674320 /* EditorViewController.swift */,
				6ED2B8691FC3B24D007372CC /* lights.json */,
				6E2EE4EA1F8D992800BEF8DC /* Post.swift */,
				6E4FB9DE1FCCAFC600EEB5F4 /* background.png */,
				6E4FB9DC1FCC9F3200EEB5F4 /* post.png */,
				6E4FB9D81FCC9BE500EEB5F4 /* logo_screen2.png */,
				6E4FB9DA1FCC9F2B00EEB5F4 /* plane-transparent.png */,
				6EAAC4771F7B18E100674320 /* HomeViewController.swift */,
				6E087C591F7B12C90092B040 /* Assets.xcassets */,
				6E087C5B1F7B12C90092B040 /* LaunchScreen.storyboard */,
				6E087C5E1F7B12C90092B040 /* Info.plist */,
				6E087C561F7B12C90092B040 /* Lumicast.xcdatamodeld */,
				6E4ADFD21F7B134D00C5975A /* GoogleService-Info.plist */,
			);
			path = Lumicast;
			sourceTree = "<group>";
		};
		9B2FD986587C2797515AFD6D /* Pods */ = {
			isa = PBXGroup;
			children = (
				44493F6AB0ECD1BA02B169B0 /* Pods-Lumicast.debug.xcconfig */,
				EB28721DFB4D59A17AB443D6 /* Pods-Lumicast.release.xcconfig */,
			);
			name = Pods;
			sourceTree = "<group>";
		};
		EF2116C0FA400CC0D040C677 /* Frameworks */ = {
			isa = PBXGroup;
			children = (
				6E0FF1F41F8D50FA003E5EA8 /* LumicastSdk.framework */,
				79ECB4FC83F588298262B88D /* Pods_Lumicast.framework */,
			);
			name = Frameworks;
			sourceTree = "<group>";
		};
/* End PBXGroup section */

/* Begin PBXNativeTarget section */
		6E087C4B1F7B12C80092B040 /* Lumicast */ = {
			isa = PBXNativeTarget;
			buildConfigurationList = 6E087C611F7B12C90092B040 /* Build configuration list for PBXNativeTarget "Lumicast" */;
			buildPhases = (
				000C3F34B5273BFED0E57400 /* [CP] Check Pods Manifest.lock */,
				6E087C481F7B12C80092B040 /* Sources */,
				6E087C491F7B12C80092B040 /* Frameworks */,
				6E087C4A1F7B12C80092B040 /* Resources */,
				45DCEA9354A8C9991591389E /* [CP] Embed Pods Frameworks */,
				5C6790BAF8BBC8C161F9A9B6 /* [CP] Copy Pods Resources */,
			);
			buildRules = (
			);
			dependencies = (
			);
			name = Lumicast;
			productName = Lumicast;
			productReference = 6E087C4C1F7B12C80092B040 /* Lumicast.app */;
			productType = "com.apple.product-type.application";
		};
/* End PBXNativeTarget section */

/* Begin PBXProject section */
		6E087C441F7B12C80092B040 /* Project object */ = {
			isa = PBXProject;
			attributes = {
				LastSwiftUpdateCheck = 0820;
				LastUpgradeCheck = 0820;
				ORGANIZATIONNAME = "Liz Trinnes";
				TargetAttributes = {
					6E087C4B1F7B12C80092B040 = {
						CreatedOnToolsVersion = 8.2.1;
						DevelopmentTeam = ML37CA3WXD;
						LastSwiftMigration = 0900;
						ProvisioningStyle = Automatic;
					};
				};
			};
			buildConfigurationList = 6E087C471F7B12C80092B040 /* Build configuration list for PBXProject "Lumicast" */;
			compatibilityVersion = "Xcode 3.2";
			developmentRegion = English;
			hasScannedForEncodings = 0;
			knownRegions = (
				en,
				Base,
			);
			mainGroup = 6E087C431F7B12C80092B040;
			productRefGroup = 6E087C4D1F7B12C80092B040 /* Products */;
			projectDirPath = "";
			projectRoot = "";
			targets = (
				6E087C4B1F7B12C80092B040 /* Lumicast */,
			);
		};
/* End PBXProject section */

/* Begin PBXResourcesBuildPhase section */
		6E087C4A1F7B12C80092B040 /* Resources */ = {
			isa = PBXResourcesBuildPhase;
			buildActionMask = 2147483647;
			files = (
				6E087C5D1F7B12C90092B040 /* LaunchScreen.storyboard in Resources */,
				6E4FB9DD1FCC9F3200EEB5F4 /* post.png in Resources */,
				6E4FB9DB1FCC9F2B00EEB5F4 /* plane-transparent.png in Resources */,
				6E4ADFD31F7B134D00C5975A /* GoogleService-Info.plist in Resources */,
				6E087C5A1F7B12C90092B040 /* Assets.xcassets in Resources */,
				6E4FB9D91FCC9BE500EEB5F4 /* logo_screen2.png in Resources */,
				6ED2B86A1FC3B24D007372CC /* lights.json in Resources */,
				6E4FB9DF1FCCAFC600EEB5F4 /* background.png in Resources */,
				6E087C551F7B12C90092B040 /* Main.storyboard in Resources */,
			);
			runOnlyForDeploymentPostprocessing = 0;
		};
/* End PBXResourcesBuildPhase section */

/* Begin PBXShellScriptBuildPhase section */
		000C3F34B5273BFED0E57400 /* [CP] Check Pods Manifest.lock */ = {
			isa = PBXShellScriptBuildPhase;
			buildActionMask = 2147483647;
			files = (
			);
			inputPaths = (
				"${PODS_PODFILE_DIR_PATH}/Podfile.lock",
				"${PODS_ROOT}/Manifest.lock",
			);
			name = "[CP] Check Pods Manifest.lock";
			outputPaths = (
				"$(DERIVED_FILE_DIR)/Pods-Lumicast-checkManifestLockResult.txt",
			);
			runOnlyForDeploymentPostprocessing = 0;
			shellPath = /bin/sh;
			shellScript = "diff \"${PODS_PODFILE_DIR_PATH}/Podfile.lock\" \"${PODS_ROOT}/Manifest.lock\" > /dev/null\nif [ $? != 0 ] ; then\n    # print error to STDERR\n    echo \"error: The sandbox is not in sync with the Podfile.lock. Run 'pod install' or update your CocoaPods installation.\" >&2\n    exit 1\nfi\n# This output is used by Xcode 'outputs' to avoid re-running this script phase.\necho \"SUCCESS\" > \"${SCRIPT_OUTPUT_FILE_0}\"\n";
			showEnvVarsInLog = 0;
		};
		45DCEA9354A8C9991591389E /* [CP] Embed Pods Frameworks */ = {
			isa = PBXShellScriptBuildPhase;
			buildActionMask = 2147483647;
			files = (
			);
			inputPaths = (
				"${SRCROOT}/Pods/Target Support Files/Pods-Lumicast/Pods-Lumicast-frameworks.sh",
				"${BUILT_PRODUCTS_DIR}/GTMSessionFetcher/GTMSessionFetcher.framework",
				"${BUILT_PRODUCTS_DIR}/GoogleToolboxForMac/GoogleToolboxForMac.framework",
			);
			name = "[CP] Embed Pods Frameworks";
			outputPaths = (
				"${TARGET_BUILD_DIR}/${FRAMEWORKS_FOLDER_PATH}/GTMSessionFetcher.framework",
				"${TARGET_BUILD_DIR}/${FRAMEWORKS_FOLDER_PATH}/GoogleToolboxForMac.framework",
			);
			runOnlyForDeploymentPostprocessing = 0;
			shellPath = /bin/sh;
			shellScript = "\"${SRCROOT}/Pods/Target Support Files/Pods-Lumicast/Pods-Lumicast-frameworks.sh\"\n";
			showEnvVarsInLog = 0;
		};
		5C6790BAF8BBC8C161F9A9B6 /* [CP] Copy Pods Resources */ = {
			isa = PBXShellScriptBuildPhase;
			buildActionMask = 2147483647;
			files = (
			);
			inputPaths = (
			);
			name = "[CP] Copy Pods Resources";
			outputPaths = (
			);
			runOnlyForDeploymentPostprocessing = 0;
			shellPath = /bin/sh;
			shellScript = "\"${SRCROOT}/Pods/Target Support Files/Pods-Lumicast/Pods-Lumicast-resources.sh\"\n";
			showEnvVarsInLog = 0;
		};
/* End PBXShellScriptBuildPhase section */

/* Begin PBXSourcesBuildPhase section */
		6E087C481F7B12C80092B040 /* Sources */ = {
			isa = PBXSourcesBuildPhase;
			buildActionMask = 2147483647;
			files = (
				6E087C521F7B12C90092B040 /* ViewController.swift in Sources */,
				6E087C501F7B12C90092B040 /* AppDelegate.swift in Sources */,
				6EAAC47C1F7B1A5900674320 /* ListViewController.swift in Sources */,
				6E087C581F7B12C90092B040 /* Lumicast.xcdatamodeld in Sources */,
				6E53279E1F84136400380CCD /* DetailsViewController.swift in Sources */,
				6E2EE4EB1F8D992800BEF8DC /* Post.swift in Sources */,
				6EAAC47A1F7B198900674320 /* EditorViewController.swift in Sources */,
				6EAAC4781F7B18E100674320 /* HomeViewController.swift in Sources */,
			);
			runOnlyForDeploymentPostprocessing = 0;
		};
/* End PBXSourcesBuildPhase section */

/* Begin PBXVariantGroup section */
		6E087C531F7B12C90092B040 /* Main.storyboard */ = {
			isa = PBXVariantGroup;
			children = (
				6E087C541F7B12C90092B040 /* Base */,
			);
			name = Main.storyboard;
			sourceTree = "<group>";
		};
		6E087C5B1F7B12C90092B040 /* LaunchScreen.storyboard */ = {
			isa = PBXVariantGroup;
			children = (
				6E087C5C1F7B12C90092B040 /* Base */,
			);
			name = LaunchScreen.storyboard;
			sourceTree = "<group>";
		};
/* End PBXVariantGroup section */

/* Begin XCBuildConfiguration section */
		6E087C5F1F7B12C90092B040 /* Debug */ = {
			isa = XCBuildConfiguration;
			buildSettings = {
				ALWAYS_SEARCH_USER_PATHS = NO;
				CLANG_ANALYZER_NONNULL = YES;
				CLANG_CXX_LANGUAGE_STANDARD = "gnu++0x";
				CLANG_CXX_LIBRARY = "libc++";
				CLANG_ENABLE_MODULES = YES;
				CLANG_ENABLE_OBJC_ARC = YES;
				CLANG_WARN_BOOL_CONVERSION = YES;
				CLANG_WARN_CONSTANT_CONVERSION = YES;
				CLANG_WARN_DIRECT_OBJC_ISA_USAGE = YES_ERROR;
				CLANG_WARN_DOCUMENTATION_COMMENTS = YES;
				CLANG_WARN_EMPTY_BODY = YES;
				CLANG_WARN_ENUM_CONVERSION = YES;
				CLANG_WARN_INFINITE_RECURSION = YES;
				CLANG_WARN_INT_CONVERSION = YES;
				CLANG_WARN_OBJC_ROOT_CLASS = YES_ERROR;
				CLANG_WARN_SUSPICIOUS_MOVE = YES;
				CLANG_WARN_UNREACHABLE_CODE = YES;
				CLANG_WARN__DUPLICATE_METHOD_MATCH = YES;
				"CODE_SIGN_IDENTITY[sdk=iphoneos*]" = "iPhone Developer";
				COPY_PHASE_STRIP = NO;
				DEBUG_INFORMATION_FORMAT = dwarf;
				ENABLE_STRICT_OBJC_MSGSEND = YES;
				ENABLE_TESTABILITY = YES;
				GCC_C_LANGUAGE_STANDARD = gnu99;
				GCC_DYNAMIC_NO_PIC = NO;
				GCC_NO_COMMON_BLOCKS = YES;
				GCC_OPTIMIZATION_LEVEL = 0;
				GCC_PREPROCESSOR_DEFINITIONS = (
					"DEBUG=1",
					"$(inherited)",
				);
				GCC_WARN_64_TO_32_BIT_CONVERSION = YES;
				GCC_WARN_ABOUT_RETURN_TYPE = YES_ERROR;
				GCC_WARN_UNDECLARED_SELECTOR = YES;
				GCC_WARN_UNINITIALIZED_AUTOS = YES_AGGRESSIVE;
				GCC_WARN_UNUSED_FUNCTION = YES;
				GCC_WARN_UNUSED_VARIABLE = YES;
				IPHONEOS_DEPLOYMENT_TARGET = 10.2;
				MTL_ENABLE_DEBUG_INFO = YES;
				ONLY_ACTIVE_ARCH = YES;
				SDKROOT = iphoneos;
				SWIFT_ACTIVE_COMPILATION_CONDITIONS = DEBUG;
				SWIFT_OPTIMIZATION_LEVEL = "-Onone";
				TARGETED_DEVICE_FAMILY = "1,2";
			};
			name = Debug;
		};
		6E087C601F7B12C90092B040 /* Release */ = {
			isa = XCBuildConfiguration;
			buildSettings = {
				ALWAYS_SEARCH_USER_PATHS = NO;
				CLANG_ANALYZER_NONNULL = YES;
				CLANG_CXX_LANGUAGE_STANDARD = "gnu++0x";
				CLANG_CXX_LIBRARY = "libc++";
				CLANG_ENABLE_MODULES = YES;
				CLANG_ENABLE_OBJC_ARC = YES;
				CLANG_WARN_BOOL_CONVERSION = YES;
				CLANG_WARN_CONSTANT_CONVERSION = YES;
				CLANG_WARN_DIRECT_OBJC_ISA_USAGE = YES_ERROR;
				CLANG_WARN_DOCUMENTATION_COMMENTS = YES;
				CLANG_WARN_EMPTY_BODY = YES;
				CLANG_WARN_ENUM_CONVERSION = YES;
				CLANG_WARN_INFINITE_RECURSION = YES;
				CLANG_WARN_INT_CONVERSION = YES;
				CLANG_WARN_OBJC_ROOT_CLASS = YES_ERROR;
				CLANG_WARN_SUSPICIOUS_MOVE = YES;
				CLANG_WARN_UNREACHABLE_CODE = YES;
				CLANG_WARN__DUPLICATE_METHOD_MATCH = YES;
				"CODE_SIGN_IDENTITY[sdk=iphoneos*]" = "iPhone Developer";
				COPY_PHASE_STRIP = NO;
				DEBUG_INFORMATION_FORMAT = "dwarf-with-dsym";
				ENABLE_NS_ASSERTIONS = NO;
				ENABLE_STRICT_OBJC_MSGSEND = YES;
				GCC_C_LANGUAGE_STANDARD = gnu99;
				GCC_NO_COMMON_BLOCKS = YES;
				GCC_WARN_64_TO_32_BIT_CONVERSION = YES;
				GCC_WARN_ABOUT_RETURN_TYPE = YES_ERROR;
				GCC_WARN_UNDECLARED_SELECTOR = YES;
				GCC_WARN_UNINITIALIZED_AUTOS = YES_AGGRESSIVE;
				GCC_WARN_UNUSED_FUNCTION = YES;
				GCC_WARN_UNUSED_VARIABLE = YES;
				IPHONEOS_DEPLOYMENT_TARGET = 10.2;
				MTL_ENABLE_DEBUG_INFO = NO;
				SDKROOT = iphoneos;
				SWIFT_OPTIMIZATION_LEVEL = "-Owholemodule";
				TARGETED_DEVICE_FAMILY = "1,2";
				VALIDATE_PRODUCT = YES;
			};
			name = Release;
		};
		6E087C621F7B12C90092B040 /* Debug */ = {
			isa = XCBuildConfiguration;
			baseConfigurationReference = 44493F6AB0ECD1BA02B169B0 /* Pods-Lumicast.debug.xcconfig */;
			buildSettings = {
				ASSETCATALOG_COMPILER_APPICON_NAME = AppIcon;
				CLANG_ENABLE_MODULES = YES;
				DEVELOPMENT_TEAM = ML37CA3WXD;
				FRAMEWORK_SEARCH_PATHS = (
					"$(inherited)",
					"$(PROJECT_DIR)/Lumicast\\ SDK",
					"$(PROJECT_DIR)/SDK/Framework",
					"$(PROJECT_DIR)",
				);
				INFOPLIST_FILE = Lumicast/Info.plist;
				LD_RUNPATH_SEARCH_PATHS = "$(inherited) @executable_path/Frameworks";
				LIBRARY_SEARCH_PATHS = (
					"$(inherited)",
					"$(PROJECT_DIR)/libs/iphoneos",
					"$(PROJECT_DIR)/libs/iphonesimulator",
					"$(PROJECT_DIR)/Lumicast",
				);
				PRODUCT_BUNDLE_IDENTIFIER = com.example.Lumicast;
				PRODUCT_NAME = "$(TARGET_NAME)";
				SWIFT_OBJC_BRIDGING_HEADER = "Lumicast-Bridging-Header.h";
				SWIFT_OPTIMIZATION_LEVEL = "-Onone";
				SWIFT_VERSION = 3.0;
			};
			name = Debug;
		};
		6E087C631F7B12C90092B040 /* Release */ = {
			isa = XCBuildConfiguration;
			baseConfigurationReference = EB28721DFB4D59A17AB443D6 /* Pods-Lumicast.release.xcconfig */;
			buildSettings = {
				ASSETCATALOG_COMPILER_APPICON_NAME = AppIcon;
				CLANG_ENABLE_MODULES = YES;
				DEVELOPMENT_TEAM = ML37CA3WXD;
				FRAMEWORK_SEARCH_PATHS = (
					"$(inherited)",
					"$(PROJECT_DIR)/Lumicast\\ SDK",
					"$(PROJECT_DIR)/SDK/Framework",
					"$(PROJECT_DIR)",
				);
				INFOPLIST_FILE = Lumicast/Info.plist;
				LD_RUNPATH_SEARCH_PATHS = "$(inherited) @executable_path/Frameworks";
				LIBRARY_SEARCH_PATHS = (
					"$(inherited)",
					"$(PROJECT_DIR)/libs/iphoneos",
					"$(PROJECT_DIR)/libs/iphonesimulator",
					"$(PROJECT_DIR)/Lumicast",
				);
				PRODUCT_BUNDLE_IDENTIFIER = com.example.Lumicast;
				PRODUCT_NAME = "$(TARGET_NAME)";
				SWIFT_OBJC_BRIDGING_HEADER = "Lumicast-Bridging-Header.h";
				SWIFT_VERSION = 3.0;
			};
			name = Release;
		};
/* End XCBuildConfiguration section */

/* Begin XCConfigurationList section */
		6E087C471F7B12C80092B040 /* Build configuration list for PBXProject "Lumicast" */ = {
			isa = XCConfigurationList;
			buildConfigurations = (
				6E087C5F1F7B12C90092B040 /* Debug */,
				6E087C601F7B12C90092B040 /* Release */,
			);
			defaultConfigurationIsVisible = 0;
			defaultConfigurationName = Release;
		};
		6E087C611F7B12C90092B040 /* Build configuration list for PBXNativeTarget "Lumicast" */ = {
			isa = XCConfigurationList;
			buildConfigurations = (
				6E087C621F7B12C90092B040 /* Debug */,
				6E087C631F7B12C90092B040 /* Release */,
			);
			defaultConfigurationIsVisible = 0;
			defaultConfigurationName = Release;
		};
/* End XCConfigurationList section */

/* Begin XCVersionGroup section */
		6E087C561F7B12C90092B040 /* Lumicast.xcdatamodeld */ = {
			isa = XCVersionGroup;
			children = (
				6E087C571F7B12C90092B040 /* Lumicast.xcdatamodel */,
			);
			currentVersion = 6E087C571F7B12C90092B040 /* Lumicast.xcdatamodel */;
			path = Lumicast.xcdatamodeld;
			sourceTree = "<group>";
			versionGroupType = wrapper.xcdatamodel;
		};
/* End XCVersionGroup section */
	};
	rootObject = 6E087C441F7B12C80092B040 /* Project object */;
}
